
Microsoft Visual Studio Solution File, Format Version 12.00
# Visual Studio Version 17
VisualStudioVersion = 17.9.34723.18
MinimumVisualStudioVersion = 10.0.40219.1
Project("{FAE04EC0-301F-11D3-BF4B-00C04F79EFBC}") = "Stock", "Learn_Project\Stock.csproj", "{9E3DB0F5-A34A-43FC-8560-2F9481B2BFDC}"
EndProject
Global
	GlobalSection(SolutionConfigurationPlatforms) = preSolution
		Debug|Any CPU = Debug|Any CPU
		Release|Any CPU = Release|Any CPU
	EndGlobalSection
	GlobalSection(ProjectConfigurationPlatforms) = postSolution
		{9E3DB0F5-A34A-43FC-8560-2F9481B2BFDC}.Debug|Any CPU.ActiveCfg = Debug|Any CPU
		{9E3DB0F5-A34A-43FC-8560-2F9481B2BFDC}.Debug|Any CPU.Build.0 = Debug|Any CPU
		{9E3DB0F5-A34A-43FC-8560-2F9481B2BFDC}.Release|Any CPU.ActiveCfg = Release|Any CPU
		{9E3DB0F5-A34A-43FC-8560-2F9481B2BFDC}.Release|Any CPU.Build.0 = Release|Any CPU
	EndGlobalSection
	GlobalSection(SolutionProperties) = preSolution
		HideSolutionNode = FALSE
	EndGlobalSection
	GlobalSection(ExtensibilityGlobals) = postSolution
		SolutionGuid = {F4C47072-03DE-4A52-AFA3-9E8599E4FD7C}
	EndGlobalSection
EndGlobal
